
Microsoft Visual Studio Solution File, Format Version 12.00
# Visual Studio Version 16
VisualStudioVersion = 16.0.31702.278
MinimumVisualStudioVersion = 10.0.40219.1
Project("{FAE04EC0-301F-11D3-BF4B-00C04F79EFBC}") = "CodeAssesmentApp", "CodeAssesmentApp.csproj", "{49E31A22-2397-4EA0-A24E-BCBF16B862F2}"
EndProject
Global
	GlobalSection(SolutionConfigurationPlatforms) = preSolution
		Debug|Any CPU = Debug|Any CPU
		Release|Any CPU = Release|Any CPU
	EndGlobalSection
	GlobalSection(ProjectConfigurationPlatforms) = postSolution
		{49E31A22-2397-4EA0-A24E-BCBF16B862F2}.Debug|Any CPU.ActiveCfg = Debug|Any CPU
		{49E31A22-2397-4EA0-A24E-BCBF16B862F2}.Debug|Any CPU.Build.0 = Debug|Any CPU
		{49E31A22-2397-4EA0-A24E-BCBF16B862F2}.Release|Any CPU.ActiveCfg = Release|Any CPU
		{49E31A22-2397-4EA0-A24E-BCBF16B862F2}.Release|Any CPU.Build.0 = Release|Any CPU
	EndGlobalSection
	GlobalSection(SolutionProperties) = preSolution
		HideSolutionNode = FALSE
	EndGlobalSection
	GlobalSection(ExtensibilityGlobals) = postSolution
		SolutionGuid = {8C7153C8-B74A-49B4-97F1-F19C6C11D66E}
	EndGlobalSection
EndGlobal
